
Microsoft Visual Studio Solution File, Format Version 12.00
# Visual Studio 15
VisualStudioVersion = 15.0.28010.2026
MinimumVisualStudioVersion = 10.0.40219.1
Project("{FAE04EC0-301F-11D3-BF4B-00C04F79EFBC}") = "MatrixHasYou", "MatrixHasYou\MatrixHasYou.csproj", "{54D6657E-FFD1-46D9-A155-9911BA6FB402}"
EndProject
Global
	GlobalSection(SolutionConfigurationPlatforms) = preSolution
		Debug|Any CPU = Debug|Any CPU
		Release|Any CPU = Release|Any CPU
	EndGlobalSection
	GlobalSection(ProjectConfigurationPlatforms) = postSolution
		{54D6657E-FFD1-46D9-A155-9911BA6FB402}.Debug|Any CPU.ActiveCfg = Debug|Any CPU
		{54D6657E-FFD1-46D9-A155-9911BA6FB402}.Debug|Any CPU.Build.0 = Debug|Any CPU
		{54D6657E-FFD1-46D9-A155-9911BA6FB402}.Release|Any CPU.ActiveCfg = Release|Any CPU
		{54D6657E-FFD1-46D9-A155-9911BA6FB402}.Release|Any CPU.Build.0 = Release|Any CPU
	EndGlobalSection
	GlobalSection(SolutionProperties) = preSolution
		HideSolutionNode = FALSE
	EndGlobalSection
	GlobalSection(ExtensibilityGlobals) = postSolution
		SolutionGuid = {46FFA16E-6AA7-4DF7-9A1B-9AFC506DFE25}
	EndGlobalSection
EndGlobal
